// !$*UTF8*$!
{
	archiveVersion = 1;
	classes = {
	};
	objectVersion = 110;
	objects = {

/* Begin PBXBuildFile section */
		1879CE81305D8B0600938E84 /* AppDelegate.swift in Sources */ = {isa = PBXBuildFile; fileRef = 1879CE80305D8B0600938E84 /* AppDelegate.swift */; };
		1879CE85305D8B0600938E84 /* Main.html in Resources */ = {isa = PBXBuildFile; fileRef = 1879CE83305D8B0600938E84 /* Main.html */; };
		1879CE87305D8B0600938E84 /* Icon.png in Resources */ = {isa = PBXBuildFile; fileRef = 1879CE86305D8B0600938E84 /* Icon.png */; };
		1879CE89305D8B0600938E84 /* Style.css in Resources */ = {isa = PBXBuildFile; fileRef = 1879CE88305D8B0600938E84 /* Style.css */; };
		1879CE8B305D8B0600938E84 /* Script.js in Resources */ = {isa = PBXBuildFile; fileRef = 1879CE8A305D8B0600938E84 /* Script.js */; };
		1879CE8D305D8B0600938E84 /* ViewController.swift in Sources */ = {isa = PBXBuildFile; fileRef = 1879CE8C305D8B0600938E84 /* ViewController.swift */; };
		1879CE90305D8B0600938E84 /* Main.storyboard in Resources */ = {isa = PBXBuildFile; fileRef = 1879CE8E305D8B0600938E84 /* Main.storyboard */; };
		1879CE92305D8B0700938E84 /* Assets.xcassets in Resources */ = {isa = PBXBuildFile; fileRef = 1879CE91305D8B0700938E84 /* Assets.xcassets */; };
		1879CE99305D8B0700938E84 /* SafariStart Extension.appex in Embed Foundation Extensions */ = {isa = PBXBuildFile; fileRef = 1879CE98305D8B0700938E84 /* SafariStart Extension.appex */; settings = {ATTRIBUTES = (RemoveHeadersOnCopy, ); }; };
		1879CE9E305D8B0700938E84 /* SafariWebExtensionHandler.swift in Sources */ = {isa = PBXBuildFile; fileRef = 1879CE9D305D8B0700938E84 /* SafariWebExtensionHandler.swift */; };
		1879CEB0305D8B0700938E84 /* css in Resources */ = {isa = PBXBuildFile; fileRef = 1879CEAA305D8B0700938E84 /* css */; };
		1879CEB1305D8B0700938E84 /* js in Resources */ = {isa = PBXBuildFile; fileRef = 1879CEAB305D8B0700938E84 /* js */; };
		1879CEB2305D8B0700938E84 /* newtab.html in Resources */ = {isa = PBXBuildFile; fileRef = 1879CEAC305D8B0700938E84 /* newtab.html */; };
		1879CEB3305D8B0700938E84 /* icons in Resources */ = {isa = PBXBuildFile; fileRef = 1879CEAD305D8B0700938E84 /* icons */; };
		1879CEB4305D8B0700938E84 /* manifest.json in Resources */ = {isa = PBXBuildFile; fileRef = 1879CEAE305D8B0700938E84 /* manifest.json */; };
		1879CEB5305D8B0700938E84 /* _locales in Resources */ = {isa = PBXBuildFile; fileRef = 1879CEAF305D8B0700938E84 /* _locales */; };
/* End PBXBuildFile section */

/* Begin PBXContainerItemProxy section */
		1879CE9A305D8B0700938E84 /* PBXContainerItemProxy */ = {
			isa = PBXContainerItemProxy;
			containerPortal = 1879CE75305D8B0600938E84 /* Project object */;
			proxyType = 1;
			remoteGlobalIDString = 1879CE97305D8B0700938E84;
			remoteInfo = "SafariStart Extension";
		};
/* End PBXContainerItemProxy section */

/* Begin PBXCopyFilesBuildPhase section */
		1879CEA5305D8B0700938E84 /* Embed Foundation Extensions */ = {
			isa = PBXCopyFilesBuildPhase;
			dstPath = "";
			dstSubfolder = PlugIns;
			files = (
				1879CE99305D8B0700938E84 /* SafariStart Extension.appex in Embed Foundation Extensions */,
			);
			name = "Embed Foundation Extensions";
		};
/* End PBXCopyFilesBuildPhase section */

/* Begin PBXFileReference section */
		1879CE7D305D8B0600938E84 /* SafariStart.app */ = {isa = PBXFileReference; explicitFileType = wrapper.application; includeInIndex = 0; path = SafariStart.app; sourceTree = BUILT_PRODUCTS_DIR; };
		1879CE80305D8B0600938E84 /* AppDelegate.swift */ = {isa = PBXFileReference; lastKnownFileType = sourcecode.swift; path = AppDelegate.swift; sourceTree = "<group>"; };
		1879CE84305D8B0600938E84 /* Base */ = {isa = PBXFileReference; lastKnownFileType = text.html; name = Base; path = Base.lproj/Main.html; sourceTree = "<group>"; };
		1879CE86305D8B0600938E84 /* Icon.png */ = {isa = PBXFileReference; lastKnownFileType = image.png; path = Icon.png; sourceTree = "<group>"; };
		1879CE88305D8B0600938E84 /* Style.css */ = {isa = PBXFileReference; lastKnownFileType = text.css; path = Style.css; sourceTree = "<group>"; };
		1879CE8A305D8B0600938E84 /* Script.js */ = {isa = PBXFileReference; lastKnownFileType = sourcecode.javascript; path = Script.js; sourceTree = "<group>"; };
		1879CE8C305D8B0600938E84 /* ViewController.swift */ = {isa = PBXFileReference; lastKnownFileType = sourcecode.swift; path = ViewController.swift; sourceTree = "<group>"; };
		1879CE8F305D8B0600938E84 /* Base */ = {isa = PBXFileReference; lastKnownFileType = file.storyboard; name = Base; path = Base.lproj/Main.storyboard; sourceTree = "<group>"; };
		1879CE91305D8B0700938E84 /* Assets.xcassets */ = {isa = PBXFileReference; lastKnownFileType = folder.assetcatalog; path = Assets.xcassets; sourceTree = "<group>"; };
		1879CE93305D8B0700938E84 /* Info.plist */ = {isa = PBXFileReference; lastKnownFileType = text.plist.xml; path = Info.plist; sourceTree = "<group>"; };
		1879CE98305D8B0700938E84 /* SafariStart Extension.appex */ = {isa = PBXFileReference; explicitFileType = "wrapper.app-extension"; includeInIndex = 0; path = "SafariStart Extension.appex"; sourceTree = BUILT_PRODUCTS_DIR; };
		1879CE9D305D8B0700938E84 /* SafariWebExtensionHandler.swift */ = {isa = PBXFileReference; lastKnownFileType = sourcecode.swift; path = SafariWebExtensionHandler.swift; sourceTree = "<group>"; };
		1879CE9F305D8B0700938E84 /* Info.plist */ = {isa = PBXFileReference; lastKnownFileType = text.plist.xml; path = Info.plist; sourceTree = "<group>"; };
		1879CEAA305D8B0700938E84 /* css */ = {isa = PBXFileReference; lastKnownFileType = folder; name = css; path = ../../extension/css; sourceTree = "<group>"; };
		1879CEAB305D8B0700938E84 /* js */ = {isa = PBXFileReference; lastKnownFileType = folder; name = js; path = ../../extension/js; sourceTree = "<group>"; };
		1879CEAC305D8B0700938E84 /* newtab.html */ = {isa = PBXFileReference; lastKnownFileType = text.html; name = newtab.html; path = ../../extension/newtab.html; sourceTree = "<group>"; };
		1879CEAD305D8B0700938E84 /* icons */ = {isa = PBXFileReference; lastKnownFileType = folder; name = icons; path = ../../extension/icons; sourceTree = "<group>"; };
		1879CEAE305D8B0700938E84 /* manifest.json */ = {isa = PBXFileReference; lastKnownFileType = text.json; name = manifest.json; path = ../../extension/manifest.json; sourceTree = "<group>"; };
		1879CEAF305D8B0700938E84 /* _locales */ = {isa = PBXFileReference; lastKnownFileType = folder; name = _locales; path = ../../extension/_locales; sourceTree = "<group>"; };
/* End PBXFileReference section */

/* Begin PBXFrameworksBuildPhase section */
		1879CE7A305D8B0600938E84 /* Frameworks */ = {
			isa = PBXFrameworksBuildPhase;
			files = (
			);
		};
		1879CE95305D8B0700938E84 /* Frameworks */ = {
			isa = PBXFrameworksBuildPhase;
			files = (
			);
		};
/* End PBXFrameworksBuildPhase section */

/* Begin PBXGroup section */
		1879CE74305D8B0600938E84 = {
			isa = PBXGroup;
			children = (
				1879CE7F305D8B0600938E84 /* SafariStart */,
				1879CE9C305D8B0700938E84 /* SafariStart Extension */,
				1879CE7E305D8B0600938E84 /* Products */,
			);
			sourceTree = "<group>";
		};
		1879CE7E305D8B0600938E84 /* Products */ = {
			isa = PBXGroup;
			children = (
				1879CE7D305D8B0600938E84 /* SafariStart.app */,
				1879CE98305D8B0700938E84 /* SafariStart Extension.appex */,
			);
			name = Products;
			sourceTree = "<group>";
		};
		1879CE7F305D8B0600938E84 /* SafariStart */ = {
			isa = PBXGroup;
			children = (
				1879CE80305D8B0600938E84 /* AppDelegate.swift */,
				1879CE8C305D8B0600938E84 /* ViewController.swift */,
				1879CE8E305D8B0600938E84 /* Main.storyboard */,
				1879CE91305D8B0700938E84 /* Assets.xcassets */,
				1879CE93305D8B0700938E84 /* Info.plist */,
				1879CE82305D8B0600938E84 /* Resources */,
			);
			path = SafariStart;
			sourceTree = "<group>";
		};
		1879CE82305D8B0600938E84 /* Resources */ = {
			isa = PBXGroup;
			children = (
				1879CE83305D8B0600938E84 /* Main.html */,
				1879CE86305D8B0600938E84 /* Icon.png */,
				1879CE88305D8B0600938E84 /* Style.css */,
				1879CE8A305D8B0600938E84 /* Script.js */,
			);
			path = Resources;
			sourceTree = "<group>";
		};
		1879CE9C305D8B0700938E84 /* SafariStart Extension */ = {
			isa = PBXGroup;
			children = (
				1879CEA9305D8B0700938E84 /* Resources */,
				1879CE9D305D8B0700938E84 /* SafariWebExtensionHandler.swift */,
				1879CE9F305D8B0700938E84 /* Info.plist */,
			);
			path = "SafariStart Extension";
			sourceTree = "<group>";
		};
		1879CEA9305D8B0700938E84 /* Resources */ = {
			isa = PBXGroup;
			children = (
				1879CEAA305D8B0700938E84 /* css */,
				1879CEAB305D8B0700938E84 /* js */,
				1879CEAC305D8B0700938E84 /* newtab.html */,
				1879CEAD305D8B0700938E84 /* icons */,
				1879CEAE305D8B0700938E84 /* manifest.json */,
				1879CEAF305D8B0700938E84 /* _locales */,
			);
			name = Resources;
			path = "SafariStart Extension";
			sourceTree = SOURCE_ROOT;
		};
/* End PBXGroup section */

/* Begin PBXNativeTarget section */
		1879CE7C305D8B0600938E84 /* SafariStart */ = {
			isa = PBXNativeTarget;
			buildConfigurationList = 1879CEA6305D8B0700938E84 /* Build configuration list for PBXNativeTarget "SafariStart" */;
			buildPhases = (
				1879CE79305D8B0600938E84 /* Sources */,
				1879CE7A305D8B0600938E84 /* Frameworks */,
				1879CE7B305D8B0600938E84 /* Resources */,
				1879CEA5305D8B0700938E84 /* Embed Foundation Extensions */,
			);
			buildRules = (
			);
			dependencies = (
				1879CE9B305D8B0700938E84 /* PBXTargetDependency */,
			);
			name = SafariStart;
			productName = SafariStart;
			productReference = 1879CE7D305D8B0600938E84 /* SafariStart.app */;
			productType = "com.apple.product-type.application";
		};
		1879CE97305D8B0700938E84 /* SafariStart Extension */ = {
			isa = PBXNativeTarget;
			buildConfigurationList = 1879CEA2305D8B0700938E84 /* Build configuration list for PBXNativeTarget "SafariStart Extension" */;
			buildPhases = (
				1879CE94305D8B0700938E84 /* Sources */,
				1879CE95305D8B0700938E84 /* Frameworks */,
				1879CE96305D8B0700938E84 /* Resources */,
			);
			buildRules = (
			);
			name = "SafariStart Extension";
			productName = "SafariStart Extension";
			productReference = 1879CE98305D8B0700938E84 /* SafariStart Extension.appex */;
			productType = "com.apple.product-type.app-extension";
		};
/* End PBXNativeTarget section */

/* Begin PBXProject section */
		1879CE75305D8B0600938E84 /* Project object */ = {
			isa = PBXProject;
			attributes = {
				BuildIndependentTargetsInParallel = 1;
				LastSwiftUpdateCheck = 2700;
				LastUpgradeCheck = 2700;
				TargetAttributes = {
					1879CE7C305D8B0600938E84 = {
						CreatedOnToolsVersion = 27.0;
					};
					1879CE97305D8B0700938E84 = {
						CreatedOnToolsVersion = 27.0;
					};
				};
			};
			buildConfigurationList = 1879CE78305D8B0600938E84 /* Build configuration list for PBXProject "SafariStart" */;
			developmentRegion = en;
			hasScannedForEncodings = 0;
			knownRegions = (
				en,
				Base,
			);
			mainGroup = 1879CE74305D8B0600938E84;
			minimizedProjectReferenceProxies = 1;
			preferredProjectObjectVersion = 77;
			productRefGroup = 1879CE7E305D8B0600938E84 /* Products */;
			projectDirPath = "";
			projectRoot = "";
			targets = (
				1879CE7C305D8B0600938E84 /* SafariStart */,
				1879CE97305D8B0700938E84 /* SafariStart Extension */,
			);
		};
/* End PBXProject section */

/* Begin PBXResourcesBuildPhase section */
		1879CE7B305D8B0600938E84 /* Resources */ = {
			isa = PBXResourcesBuildPhase;
			files = (
				1879CE87305D8B0600938E84 /* Icon.png in Resources */,
				1879CE90305D8B0600938E84 /* Main.storyboard in Resources */,
				1879CE8B305D8B0600938E84 /* Script.js in Resources */,
				1879CE85305D8B0600938E84 /* Main.html in Resources */,
				1879CE92305D8B0700938E84 /* Assets.xcassets in Resources */,
				1879CE89305D8B0600938E84 /* Style.css in Resources */,
			);
		};
		1879CE96305D8B0700938E84 /* Resources */ = {
			isa = PBXResourcesBuildPhase;
			files = (
				1879CEB5305D8B0700938E84 /* _locales in Resources */,
				1879CEB0305D8B0700938E84 /* css in Resources */,
				1879CEB3305D8B0700938E84 /* icons in Resources */,
				1879CEB4305D8B0700938E84 /* manifest.json in Resources */,
				1879CEB2305D8B0700938E84 /* newtab.html in Resources */,
				1879CEB1305D8B0700938E84 /* js in Resources */,
			);
		};
/* End PBXResourcesBuildPhase section */

/* Begin PBXSourcesBuildPhase section */
		1879CE79305D8B0600938E84 /* Sources */ = {
			isa = PBXSourcesBuildPhase;
			files = (
				1879CE8D305D8B0600938E84 /* ViewController.swift in Sources */,
				1879CE81305D8B0600938E84 /* AppDelegate.swift in Sources */,
			);
		};
		1879CE94305D8B0700938E84 /* Sources */ = {
			isa = PBXSourcesBuildPhase;
			files = (
				1879CE9E305D8B0700938E84 /* SafariWebExtensionHandler.swift in Sources */,
			);
		};
/* End PBXSourcesBuildPhase section */

/* Begin PBXTargetDependency section */
		1879CE9B305D8B0700938E84 /* PBXTargetDependency */ = {
			isa = PBXTargetDependency;
			target = 1879CE97305D8B0700938E84 /* SafariStart Extension */;
			targetProxy = 1879CE9A305D8B0700938E84 /* PBXContainerItemProxy */;
		};
/* End PBXTargetDependency section */

/* Begin PBXVariantGroup section */
		1879CE83305D8B0600938E84 /* Main.html */ = {
			isa = PBXVariantGroup;
			children = (
				1879CE84305D8B0600938E84 /* Base */,
			);
			name = Main.html;
			sourceTree = "<group>";
		};
		1879CE8E305D8B0600938E84 /* Main.storyboard */ = {
			isa = PBXVariantGroup;
			children = (
				1879CE8F305D8B0600938E84 /* Base */,
			);
			name = Main.storyboard;
			sourceTree = "<group>";
		};
/* End PBXVariantGroup section */

/* Begin XCBuildConfiguration section */
		1879CEA0305D8B0700938E84 /* Debug configuration for PBXProject "SafariStart" */ = {
			isa = XCBuildConfiguration;
			buildSettings = {
				ALWAYS_SEARCH_USER_PATHS = NO;
				ASSETCATALOG_COMPILER_GENERATE_SWIFT_ASSET_SYMBOL_EXTENSIONS = YES;
				CLANG_ANALYZER_NONNULL = YES;
				CLANG_ANALYZER_NUMBER_OBJECT_CONVERSION = YES_AGGRESSIVE;
				CLANG_CXX_LANGUAGE_STANDARD = "gnu++20";
				CLANG_ENABLE_MODULES = YES;
				CLANG_ENABLE_OBJC_ARC = YES;
				CLANG_ENABLE_OBJC_WEAK = YES;
				CLANG_WARN_BLOCK_CAPTURE_AUTORELEASING = YES;
				CLANG_WARN_BOOL_CONVERSION = YES;
				CLANG_WARN_COMMA = YES;
				CLANG_WARN_CONSTANT_CONVERSION = YES;
				CLANG_WARN_DEPRECATED_OBJC_IMPLEMENTATIONS = YES;
				CLANG_WARN_DIRECT_OBJC_ISA_USAGE = YES_ERROR;
				CLANG_WARN_DOCUMENTATION_COMMENTS = YES;
				CLANG_WARN_EMPTY_BODY = YES;
				CLANG_WARN_ENUM_CONVERSION = YES;
				CLANG_WARN_INFINITE_RECURSION = YES;
				CLANG_WARN_INT_CONVERSION = YES;
				CLANG_WARN_NON_LITERAL_NULL_CONVERSION = YES;
				CLANG_WARN_OBJC_IMPLICIT_RETAIN_SELF = YES;
				CLANG_WARN_OBJC_LITERAL_CONVERSION = YES;
				CLANG_WARN_OBJC_ROOT_CLASS = YES_ERROR;
				CLANG_WARN_QUOTED_INCLUDE_IN_FRAMEWORK_HEADER = YES;
				CLANG_WARN_RANGE_LOOP_ANALYSIS = YES;
				CLANG_WARN_STRICT_PROTOTYPES = YES;
				CLANG_WARN_SUSPICIOUS_MOVE = YES;
				CLANG_WARN_UNGUARDED_AVAILABILITY = YES_AGGRESSIVE;
				CLANG_WARN_UNREACHABLE_CODE = YES;
				CLANG_WARN__DUPLICATE_METHOD_MATCH = YES;
				COPY_PHASE_STRIP = NO;
				DEBUG_INFORMATION_FORMAT = dwarf;
				ENABLE_STRICT_OBJC_MSGSEND = YES;
				ENABLE_TESTABILITY = YES;
				ENABLE_USER_SCRIPT_SANDBOXING = YES;
				GCC_C_LANGUAGE_STANDARD = gnu17;
				GCC_DYNAMIC_NO_PIC = NO;
				GCC_NO_COMMON_BLOCKS = YES;
				GCC_OPTIMIZATION_LEVEL = 0;
				GCC_PREPROCESSOR_DEFINITIONS = (
					"DEBUG=1",
					"$(inherited)",
				);
				GCC_WARN_64_TO_32_BIT_CONVERSION = YES;
				GCC_WARN_ABOUT_RETURN_TYPE = YES_ERROR;
				GCC_WARN_UNDECLARED_SELECTOR = YES;
				GCC_WARN_UNINITIALIZED_AUTOS = YES_AGGRESSIVE;
				GCC_WARN_UNUSED_FUNCTION = YES;
				GCC_WARN_UNUSED_VARIABLE = YES;
				LOCALIZATION_PREFERS_STRING_CATALOGS = YES;
				MACOSX_DEPLOYMENT_TARGET = 26.6;
				MTL_ENABLE_DEBUG_INFO = INCLUDE_SOURCE;
				MTL_FAST_MATH = YES;
				ONLY_ACTIVE_ARCH = YES;
				SDKROOT = macosx;
				SWIFT_ACTIVE_COMPILATION_CONDITIONS = "DEBUG $(inherited)";
				SWIFT_OPTIMIZATION_LEVEL = "-Onone";
			};
			name = Debug;
		};
		1879CEA1305D8B0700938E84 /* Release configuration for PBXProject "SafariStart" */ = {
			isa = XCBuildConfiguration;
			buildSettings = {
				ALWAYS_SEARCH_USER_PATHS = NO;
				ASSETCATALOG_COMPILER_GENERATE_SWIFT_ASSET_SYMBOL_EXTENSIONS = YES;
				CLANG_ANALYZER_NONNULL = YES;
				CLANG_ANALYZER_NUMBER_OBJECT_CONVERSION = YES_AGGRESSIVE;
				CLANG_CXX_LANGUAGE_STANDARD = "gnu++20";
				CLANG_ENABLE_MODULES = YES;
				CLANG_ENABLE_OBJC_ARC = YES;
				CLANG_ENABLE_OBJC_WEAK = YES;
				CLANG_WARN_BLOCK_CAPTURE_AUTORELEASING = YES;
				CLANG_WARN_BOOL_CONVERSION = YES;
				CLANG_WARN_COMMA = YES;
				CLANG_WARN_CONSTANT_CONVERSION = YES;
				CLANG_WARN_DEPRECATED_OBJC_IMPLEMENTATIONS = YES;
				CLANG_WARN_DIRECT_OBJC_ISA_USAGE = YES_ERROR;
				CLANG_WARN_DOCUMENTATION_COMMENTS = YES;
				CLANG_WARN_EMPTY_BODY = YES;
				CLANG_WARN_ENUM_CONVERSION = YES;
				CLANG_WARN_INFINITE_RECURSION = YES;
				CLANG_WARN_INT_CONVERSION = YES;
				CLANG_WARN_NON_LITERAL_NULL_CONVERSION = YES;
				CLANG_WARN_OBJC_IMPLICIT_RETAIN_SELF = YES;
				CLANG_WARN_OBJC_LITERAL_CONVERSION = YES;
				CLANG_WARN_OBJC_ROOT_CLASS = YES_ERROR;
				CLANG_WARN_QUOTED_INCLUDE_IN_FRAMEWORK_HEADER = YES;
				CLANG_WARN_RANGE_LOOP_ANALYSIS = YES;
				CLANG_WARN_STRICT_PROTOTYPES = YES;
				CLANG_WARN_SUSPICIOUS_MOVE = YES;
				CLANG_WARN_UNGUARDED_AVAILABILITY = YES_AGGRESSIVE;
				CLANG_WARN_UNREACHABLE_CODE = YES;
				CLANG_WARN__DUPLICATE_METHOD_MATCH = YES;
				COPY_PHASE_STRIP = NO;
				DEBUG_INFORMATION_FORMAT = "dwarf-with-dsym";
				ENABLE_NS_ASSERTIONS = NO;
				ENABLE_STRICT_OBJC_MSGSEND = YES;
				ENABLE_USER_SCRIPT_SANDBOXING = YES;
				GCC_C_LANGUAGE_STANDARD = gnu17;
				GCC_NO_COMMON_BLOCKS = YES;
				GCC_WARN_64_TO_32_BIT_CONVERSION = YES;
				GCC_WARN_ABOUT_RETURN_TYPE = YES_ERROR;
				GCC_WARN_UNDECLARED_SELECTOR = YES;
				GCC_WARN_UNINITIALIZED_AUTOS = YES_AGGRESSIVE;
				GCC_WARN_UNUSED_FUNCTION = YES;
				GCC_WARN_UNUSED_VARIABLE = YES;
				LOCALIZATION_PREFERS_STRING_CATALOGS = YES;
				MACOSX_DEPLOYMENT_TARGET = 26.6;
				MTL_ENABLE_DEBUG_INFO = NO;
				MTL_FAST_MATH = YES;
				SDKROOT = macosx;
				SWIFT_COMPILATION_MODE = wholemodule;
			};
			name = Release;
		};
		1879CEA3305D8B0700938E84 /* Debug configuration for PBXNativeTarget "SafariStart Extension" */ = {
			isa = XCBuildConfiguration;
			buildSettings = {
				CODE_SIGN_STYLE = Automatic;
				CURRENT_PROJECT_VERSION = 1;
				ENABLE_APP_SANDBOX = YES;
				ENABLE_HARDENED_RUNTIME = YES;
				ENABLE_OUTGOING_NETWORK_CONNECTIONS = YES;
				ENABLE_USER_SELECTED_FILES = readonly;
				GENERATE_INFOPLIST_FILE = YES;
				INFOPLIST_FILE = "SafariStart Extension/Info.plist";
				INFOPLIST_KEY_CFBundleDisplayName = "SafariStart Extension";
				INFOPLIST_KEY_NSHumanReadableCopyright = "";
				LD_RUNPATH_SEARCH_PATHS = (
					"$(inherited)",
					"@executable_path/../Frameworks",
					"@executable_path/../../../../Frameworks",
				);
				MACOSX_DEPLOYMENT_TARGET = 12.0;
				MARKETING_VERSION = 1.0;
				OTHER_LDFLAGS = (
					"-framework",
					SafariServices,
				);
				DEVELOPMENT_TEAM = 3VBQ72N78S;
				PRODUCT_BUNDLE_IDENTIFIER = com.negasus.safaristart.Extension;
				PRODUCT_NAME = "$(TARGET_NAME)";
				SKIP_INSTALL = YES;
				STRING_CATALOG_GENERATE_SYMBOLS = YES;
				SWIFT_APPROACHABLE_CONCURRENCY = YES;
				SWIFT_EMIT_LOC_STRINGS = YES;
				SWIFT_UPCOMING_FEATURE_MEMBER_IMPORT_VISIBILITY = YES;
				SWIFT_VERSION = 5.0;
			};
			name = Debug;
		};
		1879CEA4305D8B0700938E84 /* Release configuration for PBXNativeTarget "SafariStart Extension" */ = {
			isa = XCBuildConfiguration;
			buildSettings = {
				CODE_SIGN_STYLE = Automatic;
				CURRENT_PROJECT_VERSION = 1;
				ENABLE_APP_SANDBOX = YES;
				ENABLE_HARDENED_RUNTIME = YES;
				ENABLE_OUTGOING_NETWORK_CONNECTIONS = YES;
				ENABLE_USER_SELECTED_FILES = readonly;
				GENERATE_INFOPLIST_FILE = YES;
				INFOPLIST_FILE = "SafariStart Extension/Info.plist";
				INFOPLIST_KEY_CFBundleDisplayName = "SafariStart Extension";
				INFOPLIST_KEY_NSHumanReadableCopyright = "";
				LD_RUNPATH_SEARCH_PATHS = (
					"$(inherited)",
					"@executable_path/../Frameworks",
					"@executable_path/../../../../Frameworks",
				);
				MACOSX_DEPLOYMENT_TARGET = 12.0;
				MARKETING_VERSION = 1.0;
				OTHER_LDFLAGS = (
					"-framework",
					SafariServices,
				);
				DEVELOPMENT_TEAM = 3VBQ72N78S;
				PRODUCT_BUNDLE_IDENTIFIER = com.negasus.safaristart.Extension;
				PRODUCT_NAME = "$(TARGET_NAME)";
				SKIP_INSTALL = YES;
				STRING_CATALOG_GENERATE_SYMBOLS = YES;
				SWIFT_APPROACHABLE_CONCURRENCY = YES;
				SWIFT_EMIT_LOC_STRINGS = YES;
				SWIFT_UPCOMING_FEATURE_MEMBER_IMPORT_VISIBILITY = YES;
				SWIFT_VERSION = 5.0;
			};
			name = Release;
		};
		1879CEA7305D8B0700938E84 /* Debug configuration for PBXNativeTarget "SafariStart" */ = {
			isa = XCBuildConfiguration;
			buildSettings = {
				ASSETCATALOG_COMPILER_APPICON_NAME = AppIcon;
				ASSETCATALOG_COMPILER_GLOBAL_ACCENT_COLOR_NAME = AccentColor;
				CODE_SIGN_STYLE = Automatic;
				COMBINE_HIDPI_IMAGES = YES;
				CURRENT_PROJECT_VERSION = 1;
				ENABLE_APP_SANDBOX = YES;
				ENABLE_HARDENED_RUNTIME = YES;
				ENABLE_OUTGOING_NETWORK_CONNECTIONS = YES;
				ENABLE_USER_SELECTED_FILES = readonly;
				GENERATE_INFOPLIST_FILE = YES;
				INFOPLIST_FILE = SafariStart/Info.plist;
				INFOPLIST_KEY_CFBundleDisplayName = SafariStart;
				INFOPLIST_KEY_NSHumanReadableCopyright = "";
				INFOPLIST_KEY_NSMainStoryboardFile = Main;
				INFOPLIST_KEY_NSPrincipalClass = NSApplication;
				INFOPLIST_KEY_NSViewGestureRecognizerIsExclusive = NO;
				LD_RUNPATH_SEARCH_PATHS = (
					"$(inherited)",
					"@executable_path/../Frameworks",
				);
				MARKETING_VERSION = 1.0;
				OTHER_LDFLAGS = (
					"-framework",
					SafariServices,
					"-framework",
					WebKit,
				);
				DEVELOPMENT_TEAM = 3VBQ72N78S;
				PRODUCT_BUNDLE_IDENTIFIER = com.negasus.safaristart;
				PRODUCT_NAME = "$(TARGET_NAME)";
				REGISTER_APP_GROUPS = YES;
				STRING_CATALOG_GENERATE_SYMBOLS = YES;
				SWIFT_APPROACHABLE_CONCURRENCY = YES;
				SWIFT_DEFAULT_ACTOR_ISOLATION = MainActor;
				SWIFT_EMIT_LOC_STRINGS = YES;
				SWIFT_UPCOMING_FEATURE_MEMBER_IMPORT_VISIBILITY = YES;
				SWIFT_VERSION = 5.0;
			};
			name = Debug;
		};
		1879CEA8305D8B0700938E84 /* Release configuration for PBXNativeTarget "SafariStart" */ = {
			isa = XCBuildConfiguration;
			buildSettings = {
				ASSETCATALOG_COMPILER_APPICON_NAME = AppIcon;
				ASSETCATALOG_COMPILER_GLOBAL_ACCENT_COLOR_NAME = AccentColor;
				CODE_SIGN_STYLE = Automatic;
				COMBINE_HIDPI_IMAGES = YES;
				CURRENT_PROJECT_VERSION = 1;
				ENABLE_APP_SANDBOX = YES;
				ENABLE_HARDENED_RUNTIME = YES;
				ENABLE_OUTGOING_NETWORK_CONNECTIONS = YES;
				ENABLE_USER_SELECTED_FILES = readonly;
				GENERATE_INFOPLIST_FILE = YES;
				INFOPLIST_FILE = SafariStart/Info.plist;
				INFOPLIST_KEY_CFBundleDisplayName = SafariStart;
				INFOPLIST_KEY_NSHumanReadableCopyright = "";
				INFOPLIST_KEY_NSMainStoryboardFile = Main;
				INFOPLIST_KEY_NSPrincipalClass = NSApplication;
				INFOPLIST_KEY_NSViewGestureRecognizerIsExclusive = NO;
				LD_RUNPATH_SEARCH_PATHS = (
					"$(inherited)",
					"@executable_path/../Frameworks",
				);
				MARKETING_VERSION = 1.0;
				OTHER_LDFLAGS = (
					"-framework",
					SafariServices,
					"-framework",
					WebKit,
				);
				DEVELOPMENT_TEAM = 3VBQ72N78S;
				PRODUCT_BUNDLE_IDENTIFIER = com.negasus.safaristart;
				PRODUCT_NAME = "$(TARGET_NAME)";
				REGISTER_APP_GROUPS = YES;
				STRING_CATALOG_GENERATE_SYMBOLS = YES;
				SWIFT_APPROACHABLE_CONCURRENCY = YES;
				SWIFT_DEFAULT_ACTOR_ISOLATION = MainActor;
				SWIFT_EMIT_LOC_STRINGS = YES;
				SWIFT_UPCOMING_FEATURE_MEMBER_IMPORT_VISIBILITY = YES;
				SWIFT_VERSION = 5.0;
			};
			name = Release;
		};
/* End XCBuildConfiguration section */

/* Begin XCConfigurationList section */
		1879CE78305D8B0600938E84 /* Build configuration list for PBXProject "SafariStart" */ = {
			isa = XCConfigurationList;
			buildConfigurations = (
				1879CEA0305D8B0700938E84 /* Debug configuration for PBXProject "SafariStart" */,
				1879CEA1305D8B0700938E84 /* Release configuration for PBXProject "SafariStart" */,
			);
			defaultConfigurationName = Release;
		};
		1879CEA2305D8B0700938E84 /* Build configuration list for PBXNativeTarget "SafariStart Extension" */ = {
			isa = XCConfigurationList;
			buildConfigurations = (
				1879CEA3305D8B0700938E84 /* Debug configuration for PBXNativeTarget "SafariStart Extension" */,
				1879CEA4305D8B0700938E84 /* Release configuration for PBXNativeTarget "SafariStart Extension" */,
			);
			defaultConfigurationName = Release;
		};
		1879CEA6305D8B0700938E84 /* Build configuration list for PBXNativeTarget "SafariStart" */ = {
			isa = XCConfigurationList;
			buildConfigurations = (
				1879CEA7305D8B0700938E84 /* Debug configuration for PBXNativeTarget "SafariStart" */,
				1879CEA8305D8B0700938E84 /* Release configuration for PBXNativeTarget "SafariStart" */,
			);
			defaultConfigurationName = Release;
		};
/* End XCConfigurationList section */
	};
	rootObject = 1879CE75305D8B0600938E84 /* Project object */;
	validationLevel = 1;
}
